
Microsoft Visual Studio Solution File, Format Version 12.00
# Visual Studio Version 17
VisualStudioVersion = 17.1.32319.34
MinimumVisualStudioVersion = 10.0.40219.1
Project("{FAE04EC0-301F-11D3-BF4B-00C04F79EFBC}") = "ProjectTracker.Web", "ProjectTracker.Web\ProjectTracker.Web.csproj", "{37EF1F77-97C5-4C77-84C1-60CAD95E6F00}"
EndProject
Project("{FAE04EC0-301F-11D3-BF4B-00C04F79EFBC}") = "ProjectTracker.Api", "ProjectTracker.Api\ProjectTracker.Api.csproj", "{597A477E-85F7-4657-B32E-A15D461CD08C}"
EndProject
Global
	GlobalSection(SolutionConfigurationPlatforms) = preSolution
		Debug|Any CPU = Debug|Any CPU
		Release|Any CPU = Release|Any CPU
	EndGlobalSection
	GlobalSection(ProjectConfigurationPlatforms) = postSolution
		{37EF1F77-97C5-4C77-84C1-60CAD95E6F00}.Debug|Any CPU.ActiveCfg = Debug|Any CPU
		{37EF1F77-97C5-4C77-84C1-60CAD95E6F00}.Debug|Any CPU.Build.0 = Debug|Any CPU
		{37EF1F77-97C5-4C77-84C1-60CAD95E6F00}.Release|Any CPU.ActiveCfg = Release|Any CPU
		{37EF1F77-97C5-4C77-84C1-60CAD95E6F00}.Release|Any CPU.Build.0 = Release|Any CPU
		{597A477E-85F7-4657-B32E-A15D461CD08C}.Debug|Any CPU.ActiveCfg = Debug|Any CPU
		{597A477E-85F7-4657-B32E-A15D461CD08C}.Debug|Any CPU.Build.0 = Debug|Any CPU
		{597A477E-85F7-4657-B32E-A15D461CD08C}.Release|Any CPU.ActiveCfg = Release|Any CPU
		{597A477E-85F7-4657-B32E-A15D461CD08C}.Release|Any CPU.Build.0 = Release|Any CPU
	EndGlobalSection
	GlobalSection(SolutionProperties) = preSolution
		HideSolutionNode = FALSE
	EndGlobalSection
	GlobalSection(ExtensibilityGlobals) = postSolution
		SolutionGuid = {7E95BAB5-4495-48A2-9A10-5A372BF53FE3}
	EndGlobalSection
EndGlobal
